
Microsoft Visual Studio Solution File, Format Version 12.00
# Visual Studio Version 17
VisualStudioVersion = 17.11.35327.3
MinimumVisualStudioVersion = 10.0.40219.1
Project("{FAE04EC0-301F-11D3-BF4B-00C04F79EFBC}") = "AttestationSystem", "AttestationSystem.csproj", "{0F4A4193-5FB5-4B9E-8E48-F5C4AE5F5D88}"
EndProject
Global
	GlobalSection(SolutionConfigurationPlatforms) = preSolution
		Debug|Any CPU = Debug|Any CPU
		Release|Any CPU = Release|Any CPU
	EndGlobalSection
	GlobalSection(ProjectConfigurationPlatforms) = postSolution
		{0F4A4193-5FB5-4B9E-8E48-F5C4AE5F5D88}.Debug|Any CPU.ActiveCfg = Debug|Any CPU
		{0F4A4193-5FB5-4B9E-8E48-F5C4AE5F5D88}.Debug|Any CPU.Build.0 = Debug|Any CPU
		{0F4A4193-5FB5-4B9E-8E48-F5C4AE5F5D88}.Release|Any CPU.ActiveCfg = Release|Any CPU
		{0F4A4193-5FB5-4B9E-8E48-F5C4AE5F5D88}.Release|Any CPU.Build.0 = Release|Any CPU
	EndGlobalSection
	GlobalSection(SolutionProperties) = preSolution
		HideSolutionNode = FALSE
	EndGlobalSection
	GlobalSection(ExtensibilityGlobals) = postSolution
		SolutionGuid = {4B6F503F-7DEC-40DA-81D6-14F688A97B5F}
	EndGlobalSection
EndGlobal
